
Microsoft Visual Studio Solution File, Format Version 12.00
# Visual Studio Version 16
VisualStudioVersion = 16.0.31911.196
MinimumVisualStudioVersion = 10.0.40219.1
Project("{FAE04EC0-301F-11D3-BF4B-00C04F79EFBC}") = "task_23", "task_23\task_23.csproj", "{01002F37-8163-4B79-B877-58BD7CD1935E}"
EndProject
Global
	GlobalSection(SolutionConfigurationPlatforms) = preSolution
		Debug|Any CPU = Debug|Any CPU
		Release|Any CPU = Release|Any CPU
	EndGlobalSection
	GlobalSection(ProjectConfigurationPlatforms) = postSolution
		{01002F37-8163-4B79-B877-58BD7CD1935E}.Debug|Any CPU.ActiveCfg = Debug|Any CPU
		{01002F37-8163-4B79-B877-58BD7CD1935E}.Debug|Any CPU.Build.0 = Debug|Any CPU
		{01002F37-8163-4B79-B877-58BD7CD1935E}.Release|Any CPU.ActiveCfg = Release|Any CPU
		{01002F37-8163-4B79-B877-58BD7CD1935E}.Release|Any CPU.Build.0 = Release|Any CPU
	EndGlobalSection
	GlobalSection(SolutionProperties) = preSolution
		HideSolutionNode = FALSE
	EndGlobalSection
	GlobalSection(ExtensibilityGlobals) = postSolution
		SolutionGuid = {46DC6FA9-C4FE-4A55-A79D-09D7E98C56DF}
	EndGlobalSection
EndGlobal
